Microsoft Visual Studio Solution File, Format Version 12.00
# Visual Studio 2012
Project("{2150E333-8FDC-42A3-9474-1A3956D46DE8}") = "Dependencies", "Dependencies", "{9C3A3ABA-9618-49B0-9104-60678B4F3D71}"
	ProjectSection(SolutionItems) = preProject
		Dependencies\GSF.Communication.dll = Dependencies\GSF.Communication.dll
		Dependencies\GSF.Communication.xml = Dependencies\GSF.Communication.xml
		Dependencies\GSF.Core.dll = Dependencies\GSF.Core.dll
		Dependencies\GSF.Core.xml = Dependencies\GSF.Core.xml
		Dependencies\GSF.TimeSeries.dll = Dependencies\GSF.TimeSeries.dll
		Dependencies\GSF.TimeSeries.xml = Dependencies\GSF.TimeSeries.xml
	EndProjectSection
EndProject
Project("{2150E333-8FDC-42A3-9474-1A3956D46DE8}") = "Documentation", "Documentation", "{08078FEC-378B-4585-85B2-E8B0B646D270}"
EndProject
Project("{2150E333-8FDC-42A3-9474-1A3956D46DE8}") = "Libraries", "Libraries", "{71B86842-3055-4797-AA46-AB35B706354C}"
EndProject
Project("{2150E333-8FDC-42A3-9474-1A3956D46DE8}") = "Applications", "Applications", "{5C9DD205-EA5C-4654-97EC-55A3C922BC3C}"
EndProject
Project("{2150E333-8FDC-42A3-9474-1A3956D46DE8}") = "openHistorianService", "openHistorianService", "{460BEC91-29E7-4574-9E85-0FD62D43D683}"
EndProject
Project("{2150E333-8FDC-42A3-9474-1A3956D46DE8}") = "openHistorianClient", "openHistorianClient", "{4D912150-86EF-44C4-ABBC-C869FE82C829}"
EndProject
Project("{2150E333-8FDC-42A3-9474-1A3956D46DE8}") = "openHistorianExplorer", "openHistorianExplorer", "{DA2EF5C4-6C06-49F7-AFA7-FD5720E8DEBD}"
EndProject
Project("{2150E333-8FDC-42A3-9474-1A3956D46DE8}") = "Tools", "Tools", "{3A952272-B64C-48E0-9CB2-0130AC28D72E}"
EndProject
Project("{FAE04EC0-301F-11D3-BF4B-00C04F79EFBC}") = "openHistorian.Engine", "Libraries\openHistorian.Engine\openHistorian.Engine.csproj", "{040E2AE7-021B-435A-ADBF-06D07EE0A67D}"
EndProject
Project("{2150E333-8FDC-42A3-9474-1A3956D46DE8}") = "Tests", "Tests", "{C73F9DF6-4556-49B4-90D7-C28F87B310D6}"
EndProject
Project("{2150E333-8FDC-42A3-9474-1A3956D46DE8}") = "Solution Items", "Solution Items", "{72439A38-195C-4AAE-BED9-4B6D47C43FF6}"
	ProjectSection(SolutionItems) = preProject
		Local.testsettings = Local.testsettings
		openHistorian.vsmdi = openHistorian.vsmdi
		TraceAndTestImpact.testsettings = TraceAndTestImpact.testsettings
	EndProjectSection
EndProject
Project("{FAE04EC0-301F-11D3-BF4B-00C04F79EFBC}") = "openHistorian.PerformanceTests", "Libraries\Tests\openHistorian.PerformanceTests\openHistorian.PerformanceTests.csproj", "{B2DA9C7B-24C1-449B-816D-C72F4661983E}"
EndProject
Project("{FAE04EC0-301F-11D3-BF4B-00C04F79EFBC}") = "openHistorian.UnitTests", "Libraries\Tests\openHistorian.UnitTests\openHistorian.UnitTests.csproj", "{9C6B4307-6E10-4E9D-88C9-3CED89B34270}"
EndProject
Project("{FAE04EC0-301F-11D3-BF4B-00C04F79EFBC}") = "openHistorian", "Libraries\openHistorian\openHistorian.csproj", "{B253E828-964E-4037-B2E3-B91E8E7C1159}"
EndProject
Project("{FAE04EC0-301F-11D3-BF4B-00C04F79EFBC}") = "openVisN", "Libraries\openVisN\openVisN.csproj", "{368F463D-9F80-4822-AFF6-727D0643494A}"
EndProject
Project("{FAE04EC0-301F-11D3-BF4B-00C04F79EFBC}") = "NPlot45", "Libraries\NPlot\NPlot45.csproj", "{7141C894-6346-41C2-B497-DBA4BEBA71D6}"
EndProject
Project("{FAE04EC0-301F-11D3-BF4B-00C04F79EFBC}") = "simpleVisN", "Libraries\Tests\simpleVisN\simpleVisN.csproj", "{6CDA00B2-DFAE-4FDA-A4C0-074B6F3EB2B1}"
EndProject
Global
	GlobalSection(TeamFoundationVersionControl) = preSolution
		SccNumberOfProjects = 8
		SccEnterpriseProvider = {4CA58AB2-18FA-4F8D-95D4-32DDF27D184C}
		SccTeamFoundationServer = https://tfs.codeplex.com/tfs/tfs11
		SccLocalPath0 = .
		SccProjectUniqueName1 = Libraries\\Tests\\openHistorian.PerformanceTests\\openHistorian.PerformanceTests.csproj
		SccProjectTopLevelParentUniqueName1 = openHistorian.sln
		SccProjectName1 = Libraries/Tests/openHistorian.PerformanceTests
		SccLocalPath1 = Libraries\\Tests\\openHistorian.PerformanceTests
		SccProjectUniqueName2 = Libraries\\Tests\\openHistorian.UnitTests\\openHistorian.UnitTests.csproj
		SccProjectTopLevelParentUniqueName2 = openHistorian.sln
		SccProjectName2 = Libraries/Tests/openHistorian.UnitTests
		SccLocalPath2 = Libraries\\Tests\\openHistorian.UnitTests
		SccProjectUniqueName3 = Libraries\\openHistorian\\openHistorian.csproj
		SccProjectTopLevelParentUniqueName3 = openHistorian.sln
		SccProjectName3 = Libraries/openHistorian
		SccLocalPath3 = Libraries\\openHistorian
		SccProjectUniqueName4 = Libraries\\openHistorian.Engine\\openHistorian.Engine.csproj
		SccProjectTopLevelParentUniqueName4 = openHistorian.sln
		SccProjectName4 = Libraries/openHistorian.Engine
		SccLocalPath4 = Libraries\\openHistorian.Engine
		SccProjectUniqueName5 = Libraries\\openVisN\\openVisN.csproj
		SccProjectTopLevelParentUniqueName5 = openHistorian.sln
		SccProjectName5 = Libraries/openVisN
		SccLocalPath5 = Libraries\\openVisN
		SccProjectUniqueName6 = Libraries\\NPlot\\NPlot45.csproj
		SccProjectTopLevelParentUniqueName6 = openHistorian.sln
		SccProjectName6 = Libraries/NPlot
		SccLocalPath6 = Libraries\\NPlot
		SccProjectUniqueName7 = Libraries\\Tests\\simpleVisN\\simpleVisN.csproj
		SccProjectTopLevelParentUniqueName7 = openHistorian.sln
		SccProjectName7 = Libraries/Tests/simpleVisN
		SccLocalPath7 = Libraries\\Tests\\simpleVisN
	EndGlobalSection
	GlobalSection(TestCaseManagementSettings) = postSolution
		CategoryFile = openHistorian.vsmdi
	EndGlobalSection
	GlobalSection(SolutionConfigurationPlatforms) = preSolution
		Debug|Any CPU = Debug|Any CPU
		Debug|Mixed Platforms = Debug|Mixed Platforms
		Debug|x86 = Debug|x86
		Release|Any CPU = Release|Any CPU
		Release|Mixed Platforms = Release|Mixed Platforms
		Release|x86 = Release|x86
	EndGlobalSection
	GlobalSection(ProjectConfigurationPlatforms) = postSolution
		{040E2AE7-021B-435A-ADBF-06D07EE0A67D}.Debug|Any CPU.ActiveCfg = Debug|x86
		{040E2AE7-021B-435A-ADBF-06D07EE0A67D}.Debug|Mixed Platforms.ActiveCfg = Debug|x86
		{040E2AE7-021B-435A-ADBF-06D07EE0A67D}.Debug|Mixed Platforms.Build.0 = Debug|x86
		{040E2AE7-021B-435A-ADBF-06D07EE0A67D}.Debug|x86.ActiveCfg = Debug|x86
		{040E2AE7-021B-435A-ADBF-06D07EE0A67D}.Debug|x86.Build.0 = Debug|x86
		{040E2AE7-021B-435A-ADBF-06D07EE0A67D}.Release|Any CPU.ActiveCfg = Release|x86
		{040E2AE7-021B-435A-ADBF-06D07EE0A67D}.Release|Mixed Platforms.ActiveCfg = Release|x86
		{040E2AE7-021B-435A-ADBF-06D07EE0A67D}.Release|Mixed Platforms.Build.0 = Release|x86
		{040E2AE7-021B-435A-ADBF-06D07EE0A67D}.Release|x86.ActiveCfg = Release|x86
		{040E2AE7-021B-435A-ADBF-06D07EE0A67D}.Release|x86.Build.0 = Release|x86
		{B2DA9C7B-24C1-449B-816D-C72F4661983E}.Debug|Any CPU.ActiveCfg = Debug|Any CPU
		{B2DA9C7B-24C1-449B-816D-C72F4661983E}.Debug|Any CPU.Build.0 = Debug|Any CPU
		{B2DA9C7B-24C1-449B-816D-C72F4661983E}.Debug|Mixed Platforms.ActiveCfg = Debug|Any CPU
		{B2DA9C7B-24C1-449B-816D-C72F4661983E}.Debug|Mixed Platforms.Build.0 = Debug|Any CPU
		{B2DA9C7B-24C1-449B-816D-C72F4661983E}.Debug|x86.ActiveCfg = Debug|Any CPU
		{B2DA9C7B-24C1-449B-816D-C72F4661983E}.Release|Any CPU.ActiveCfg = Release|Any CPU
		{B2DA9C7B-24C1-449B-816D-C72F4661983E}.Release|Any CPU.Build.0 = Release|Any CPU
		{B2DA9C7B-24C1-449B-816D-C72F4661983E}.Release|Mixed Platforms.ActiveCfg = Release|Any CPU
		{B2DA9C7B-24C1-449B-816D-C72F4661983E}.Release|Mixed Platforms.Build.0 = Release|Any CPU
		{B2DA9C7B-24C1-449B-816D-C72F4661983E}.Release|x86.ActiveCfg = Release|Any CPU
		{9C6B4307-6E10-4E9D-88C9-3CED89B34270}.Debug|Any CPU.ActiveCfg = Debug|Any CPU
		{9C6B4307-6E10-4E9D-88C9-3CED89B34270}.Debug|Any CPU.Build.0 = Debug|Any CPU
		{9C6B4307-6E10-4E9D-88C9-3CED89B34270}.Debug|Mixed Platforms.ActiveCfg = Debug|Any CPU
		{9C6B4307-6E10-4E9D-88C9-3CED89B34270}.Debug|Mixed Platforms.Build.0 = Debug|Any CPU
		{9C6B4307-6E10-4E9D-88C9-3CED89B34270}.Debug|x86.ActiveCfg = Debug|Any CPU
		{9C6B4307-6E10-4E9D-88C9-3CED89B34270}.Release|Any CPU.ActiveCfg = Release|Any CPU
		{9C6B4307-6E10-4E9D-88C9-3CED89B34270}.Release|Any CPU.Build.0 = Release|Any CPU
		{9C6B4307-6E10-4E9D-88C9-3CED89B34270}.Release|Mixed Platforms.ActiveCfg = Release|Any CPU
		{9C6B4307-6E10-4E9D-88C9-3CED89B34270}.Release|Mixed Platforms.Build.0 = Release|Any CPU
		{9C6B4307-6E10-4E9D-88C9-3CED89B34270}.Release|x86.ActiveCfg = Release|Any CPU
		{B253E828-964E-4037-B2E3-B91E8E7C1159}.Debug|Any CPU.ActiveCfg = Debug|Any CPU
		{B253E828-964E-4037-B2E3-B91E8E7C1159}.Debug|Any CPU.Build.0 = Debug|Any CPU
		{B253E828-964E-4037-B2E3-B91E8E7C1159}.Debug|Mixed Platforms.ActiveCfg = Debug|Any CPU
		{B253E828-964E-4037-B2E3-B91E8E7C1159}.Debug|Mixed Platforms.Build.0 = Debug|Any CPU
		{B253E828-964E-4037-B2E3-B91E8E7C1159}.Debug|x86.ActiveCfg = Debug|Any CPU
		{B253E828-964E-4037-B2E3-B91E8E7C1159}.Release|Any CPU.ActiveCfg = Release|Any CPU
		{B253E828-964E-4037-B2E3-B91E8E7C1159}.Release|Any CPU.Build.0 = Release|Any CPU
		{B253E828-964E-4037-B2E3-B91E8E7C1159}.Release|Mixed Platforms.ActiveCfg = Release|Any CPU
		{B253E828-964E-4037-B2E3-B91E8E7C1159}.Release|Mixed Platforms.Build.0 = Release|Any CPU
		{B253E828-964E-4037-B2E3-B91E8E7C1159}.Release|x86.ActiveCfg = Release|Any CPU
		{368F463D-9F80-4822-AFF6-727D0643494A}.Debug|Any CPU.ActiveCfg = Debug|Any CPU
		{368F463D-9F80-4822-AFF6-727D0643494A}.Debug|Any CPU.Build.0 = Debug|Any CPU
		{368F463D-9F80-4822-AFF6-727D0643494A}.Debug|Mixed Platforms.ActiveCfg = Debug|Any CPU
		{368F463D-9F80-4822-AFF6-727D0643494A}.Debug|Mixed Platforms.Build.0 = Debug|Any CPU
		{368F463D-9F80-4822-AFF6-727D0643494A}.Debug|x86.ActiveCfg = Debug|Any CPU
		{368F463D-9F80-4822-AFF6-727D0643494A}.Release|Any CPU.ActiveCfg = Release|Any CPU
		{368F463D-9F80-4822-AFF6-727D0643494A}.Release|Any CPU.Build.0 = Release|Any CPU
		{368F463D-9F80-4822-AFF6-727D0643494A}.Release|Mixed Platforms.ActiveCfg = Release|Any CPU
		{368F463D-9F80-4822-AFF6-727D0643494A}.Release|Mixed Platforms.Build.0 = Release|Any CPU
		{368F463D-9F80-4822-AFF6-727D0643494A}.Release|x86.ActiveCfg = Release|Any CPU
		{7141C894-6346-41C2-B497-DBA4BEBA71D6}.Debug|Any CPU.ActiveCfg = Debug|Any CPU
		{7141C894-6346-41C2-B497-DBA4BEBA71D6}.Debug|Any CPU.Build.0 = Debug|Any CPU
		{7141C894-6346-41C2-B497-DBA4BEBA71D6}.Debug|Mixed Platforms.ActiveCfg = Debug|Any CPU
		{7141C894-6346-41C2-B497-DBA4BEBA71D6}.Debug|Mixed Platforms.Build.0 = Debug|Any CPU
		{7141C894-6346-41C2-B497-DBA4BEBA71D6}.Debug|x86.ActiveCfg = Debug|Any CPU
		{7141C894-6346-41C2-B497-DBA4BEBA71D6}.Release|Any CPU.ActiveCfg = Release|Any CPU
		{7141C894-6346-41C2-B497-DBA4BEBA71D6}.Release|Any CPU.Build.0 = Release|Any CPU
		{7141C894-6346-41C2-B497-DBA4BEBA71D6}.Release|Mixed Platforms.ActiveCfg = Release|Any CPU
		{7141C894-6346-41C2-B497-DBA4BEBA71D6}.Release|Mixed Platforms.Build.0 = Release|Any CPU
		{7141C894-6346-41C2-B497-DBA4BEBA71D6}.Release|x86.ActiveCfg = Release|Any CPU
		{6CDA00B2-DFAE-4FDA-A4C0-074B6F3EB2B1}.Debug|Any CPU.ActiveCfg = Debug|Any CPU
		{6CDA00B2-DFAE-4FDA-A4C0-074B6F3EB2B1}.Debug|Any CPU.Build.0 = Debug|Any CPU
		{6CDA00B2-DFAE-4FDA-A4C0-074B6F3EB2B1}.Debug|Mixed Platforms.ActiveCfg = Debug|Any CPU
		{6CDA00B2-DFAE-4FDA-A4C0-074B6F3EB2B1}.Debug|Mixed Platforms.Build.0 = Debug|Any CPU
		{6CDA00B2-DFAE-4FDA-A4C0-074B6F3EB2B1}.Debug|x86.ActiveCfg = Debug|Any CPU
		{6CDA00B2-DFAE-4FDA-A4C0-074B6F3EB2B1}.Release|Any CPU.ActiveCfg = Release|Any CPU
		{6CDA00B2-DFAE-4FDA-A4C0-074B6F3EB2B1}.Release|Any CPU.Build.0 = Release|Any CPU
		{6CDA00B2-DFAE-4FDA-A4C0-074B6F3EB2B1}.Release|Mixed Platforms.ActiveCfg = Release|Any CPU
		{6CDA00B2-DFAE-4FDA-A4C0-074B6F3EB2B1}.Release|Mixed Platforms.Build.0 = Release|Any CPU
		{6CDA00B2-DFAE-4FDA-A4C0-074B6F3EB2B1}.Release|x86.ActiveCfg = Release|Any CPU
	EndGlobalSection
	GlobalSection(SolutionProperties) = preSolution
		HideSolutionNode = FALSE
	EndGlobalSection
	GlobalSection(NestedProjects) = preSolution
		{040E2AE7-021B-435A-ADBF-06D07EE0A67D} = {71B86842-3055-4797-AA46-AB35B706354C}
		{B253E828-964E-4037-B2E3-B91E8E7C1159} = {71B86842-3055-4797-AA46-AB35B706354C}
		{368F463D-9F80-4822-AFF6-727D0643494A} = {71B86842-3055-4797-AA46-AB35B706354C}
		{7141C894-6346-41C2-B497-DBA4BEBA71D6} = {71B86842-3055-4797-AA46-AB35B706354C}
		{460BEC91-29E7-4574-9E85-0FD62D43D683} = {5C9DD205-EA5C-4654-97EC-55A3C922BC3C}
		{4D912150-86EF-44C4-ABBC-C869FE82C829} = {5C9DD205-EA5C-4654-97EC-55A3C922BC3C}
		{DA2EF5C4-6C06-49F7-AFA7-FD5720E8DEBD} = {5C9DD205-EA5C-4654-97EC-55A3C922BC3C}
		{B2DA9C7B-24C1-449B-816D-C72F4661983E} = {C73F9DF6-4556-49B4-90D7-C28F87B310D6}
		{9C6B4307-6E10-4E9D-88C9-3CED89B34270} = {C73F9DF6-4556-49B4-90D7-C28F87B310D6}
		{6CDA00B2-DFAE-4FDA-A4C0-074B6F3EB2B1} = {C73F9DF6-4556-49B4-90D7-C28F87B310D6}
	EndGlobalSection
EndGlobal
