
Microsoft Visual Studio Solution File, Format Version 11.00
# Visual Studio 2010
Project("{FAE04EC0-301F-11D3-BF4B-00C04F79EFBC}") = "openHistorian.Test", "Libraries\Test\openHistorian.Test\openHistorian.Test.csproj", "{D405B0BE-88EE-4224-AA8C-4A6817481C17}"
EndProject
Project("{FAE04EC0-301F-11D3-BF4B-00C04F79EFBC}") = "HistorianPlaybackUtility", "Tools\HistorianPlaybackUtility\HistorianPlaybackUtility.csproj", "{07016E6A-01B1-4B3D-B1D6-F9131A1BEB6E}"
EndProject
Project("{FAE04EC0-301F-11D3-BF4B-00C04F79EFBC}") = "Hadoop.Replication", "Libraries\Hadoop.Replication\Hadoop.Replication.csproj", "{B561487F-79CC-4982-848E-C12F44B4669C}"
EndProject
Project("{2150E333-8FDC-42A3-9474-1A3956D46DE8}") = "Applications", "Applications", "{F110645C-E972-4CC2-8A01-B16B3EBE20AF}"
EndProject
Project("{2150E333-8FDC-42A3-9474-1A3956D46DE8}") = "Dependencies", "Dependencies", "{94822134-56F8-4F3F-9BCD-2656324C37AD}"
EndProject
Project("{2150E333-8FDC-42A3-9474-1A3956D46DE8}") = "TVA", "TVA", "{E7897B57-AE67-4ABC-B35A-47C5074EF95B}"
	ProjectSection(SolutionItems) = preProject
		Dependencies\TVA\TVA.Communication.dll = Dependencies\TVA\TVA.Communication.dll
		Dependencies\TVA\TVA.Communication.XML = Dependencies\TVA\TVA.Communication.XML
		Dependencies\TVA\TVA.Core.dll = Dependencies\TVA\TVA.Core.dll
		Dependencies\TVA\TVA.Core.XML = Dependencies\TVA\TVA.Core.XML
		Dependencies\TVA\TVA.Security.dll = Dependencies\TVA\TVA.Security.dll
		Dependencies\TVA\TVA.Security.XML = Dependencies\TVA\TVA.Security.XML
		Dependencies\TVA\TVA.Services.dll = Dependencies\TVA\TVA.Services.dll
		Dependencies\TVA\TVA.Services.XML = Dependencies\TVA\TVA.Services.XML
		Dependencies\TVA\TVA.Web.dll = Dependencies\TVA\TVA.Web.dll
		Dependencies\TVA\TVA.Web.XML = Dependencies\TVA\TVA.Web.XML
		Dependencies\TVA\TVA.Windows.dll = Dependencies\TVA\TVA.Windows.dll
		Dependencies\TVA\TVA.Windows.XML = Dependencies\TVA\TVA.Windows.XML
	EndProjectSection
EndProject
Project("{2150E333-8FDC-42A3-9474-1A3956D46DE8}") = "Solution Items", "Solution Items", "{203451A6-758E-4D7F-8588-86E9E5D67B52}"
	ProjectSection(SolutionItems) = preProject
		LICENSE.txt = LICENSE.txt
		NOTICE.txt = NOTICE.txt
	EndProjectSection
EndProject
Project("{2150E333-8FDC-42A3-9474-1A3956D46DE8}") = "Tools", "Tools", "{4A8304B6-A0C7-480E-9C2F-CCC4DC922647}"
EndProject
Project("{2150E333-8FDC-42A3-9474-1A3956D46DE8}") = "Libraries", "Libraries", "{20CF9816-9699-464B-AD26-397CD4E6D96E}"
EndProject
Project("{2150E333-8FDC-42A3-9474-1A3956D46DE8}") = "Test", "Test", "{EA3B8DD4-F77A-409D-BE8E-1391EA5B0BE4}"
EndProject
Project("{2150E333-8FDC-42A3-9474-1A3956D46DE8}") = "TimeSeriesFramework", "TimeSeriesFramework", "{CDCA5604-FEC5-4392-84E9-787D56779CA9}"
	ProjectSection(SolutionItems) = preProject
		Dependencies\TimeSeriesFramework\TimeSeriesFramework.dll = Dependencies\TimeSeriesFramework\TimeSeriesFramework.dll
		Dependencies\TimeSeriesFramework\TimeSeriesFramework.XML = Dependencies\TimeSeriesFramework\TimeSeriesFramework.XML
	EndProjectSection
EndProject
Project("{FAE04EC0-301F-11D3-BF4B-00C04F79EFBC}") = "HistorianViewer", "Tools\HistorianViewer\HistorianViewer.csproj", "{2E9DA7CC-960A-40A6-BC90-1FBD7B7994F0}"
	ProjectSection(ProjectDependencies) = postProject
		{7E1ABF87-8936-44E5-85C0-37044E0D3877} = {7E1ABF87-8936-44E5-85C0-37044E0D3877}
	EndProjectSection
EndProject
Project("{2150E333-8FDC-42A3-9474-1A3956D46DE8}") = "Data", "Data", "{2B101F99-1530-4DE9-9FA1-C301F998EFD7}"
EndProject
Project("{2150E333-8FDC-42A3-9474-1A3956D46DE8}") = "Access", "Access", "{2A5F37B2-CCD9-4DD1-BF6D-FD21EA31EF12}"
	ProjectSection(SolutionItems) = preProject
		Data\Access\openHistorian-InitialDataSet.mdb = Data\Access\openHistorian-InitialDataSet.mdb
		Data\Access\openHistorian.mdb = Data\Access\openHistorian.mdb
	EndProjectSection
EndProject
Project("{2150E333-8FDC-42A3-9474-1A3956D46DE8}") = "MySQL", "MySQL", "{CF7CFE82-C66D-4692-A2A3-D38902884CDC}"
	ProjectSection(SolutionItems) = preProject
		Data\MySQL\InitialDataSet.sql = Data\MySQL\InitialDataSet.sql
		Data\MySQL\openHistorian.sql = Data\MySQL\openHistorian.sql
	EndProjectSection
EndProject
Project("{2150E333-8FDC-42A3-9474-1A3956D46DE8}") = "SQL Server", "SQL Server", "{4348B8B5-3CD0-4A30-A5C6-EED726B01F79}"
	ProjectSection(SolutionItems) = preProject
		Data\SQL Server\InitialDataSet.sql = Data\SQL Server\InitialDataSet.sql
		Data\SQL Server\openHistorian.sql = Data\SQL Server\openHistorian.sql
	EndProjectSection
EndProject
Project("{2150E333-8FDC-42A3-9474-1A3956D46DE8}") = "openHistorian", "openHistorian", "{71C2DE69-7746-4269-B26B-E0EBEEABACD6}"
EndProject
Project("{FAE04EC0-301F-11D3-BF4B-00C04F79EFBC}") = "openHistorian", "Applications\openHistorian\openHistorian\openHistorian.csproj", "{1273B128-A999-495C-B1E6-289C412EC81F}"
EndProject
Project("{FAE04EC0-301F-11D3-BF4B-00C04F79EFBC}") = "openHistorianConsole", "Applications\openHistorian\openHistorianConsole\openHistorianConsole.csproj", "{ACF08973-90D7-4239-A7FF-D38223AE2DBA}"
EndProject
Project("{2150E333-8FDC-42A3-9474-1A3956D46DE8}") = "Microsoft", "Microsoft", "{FB7F9A7A-FB8A-4600-B363-4B395C7E61A2}"
EndProject
Project("{2150E333-8FDC-42A3-9474-1A3956D46DE8}") = "WPF", "WPF", "{1E911922-7464-43AF-A550-C0B9BFB62D17}"
	ProjectSection(SolutionItems) = preProject
		Dependencies\Microsoft\WPF\System.Windows.Controls.DataVisualization.Toolkit.dll = Dependencies\Microsoft\WPF\System.Windows.Controls.DataVisualization.Toolkit.dll
		Dependencies\Microsoft\WPF\System.Windows.Controls.Input.Toolkit.dll = Dependencies\Microsoft\WPF\System.Windows.Controls.Input.Toolkit.dll
		Dependencies\Microsoft\WPF\System.Windows.Controls.Layout.Toolkit.dll = Dependencies\Microsoft\WPF\System.Windows.Controls.Layout.Toolkit.dll
		Dependencies\Microsoft\WPF\WPFToolkit.dll = Dependencies\Microsoft\WPF\WPFToolkit.dll
	EndProjectSection
EndProject
Project("{2150E333-8FDC-42A3-9474-1A3956D46DE8}") = "Adapters", "Adapters", "{70E52456-2B5B-44F4-AC28-33E391D83619}"
EndProject
Project("{FAE04EC0-301F-11D3-BF4B-00C04F79EFBC}") = "HistorianAdapters", "Libraries\Adapters\HistorianAdapters\HistorianAdapters.csproj", "{8A1BCFAA-19E8-408A-8C72-170B1211DC27}"
EndProject
Project("{FAE04EC0-301F-11D3-BF4B-00C04F79EFBC}") = "TimeSeriesArchiver", "Libraries\TimeSeriesArchiver\TimeSeriesArchiver.csproj", "{7E1ABF87-8936-44E5-85C0-37044E0D3877}"
EndProject
Project("{54435603-DBB4-11D2-8724-00A0C9A8B90C}") = "openHistorianSetup", "Applications\openHistorian\openHistorianSetup\openHistorianSetup.vdproj", "{9C383C2C-F2AB-42E3-9DAE-C16864A420A0}"
EndProject
Project("{54435603-DBB4-11D2-8724-00A0C9A8B90C}") = "openHistorianSetup64", "Applications\openHistorian\openHistorianSetup\openHistorianSetup64.vdproj", "{F9426D66-C48E-44C1-8E66-1ADEEB8A784B}"
EndProject
Project("{2150E333-8FDC-42A3-9474-1A3956D46DE8}") = "openHistorianManager", "openHistorianManager", "{AA4A892B-4DD8-4E81-8C29-F970F5B916D6}"
EndProject
Project("{FAE04EC0-301F-11D3-BF4B-00C04F79EFBC}") = "WPF", "Applications\openHistorian\openHistorianManager\WPF\WPF.csproj", "{3E13AF6E-AEB5-4934-AF50-01C8E2027725}"
EndProject
Project("{FAE04EC0-301F-11D3-BF4B-00C04F79EFBC}") = "Data", "Applications\openHistorian\openHistorianManager\Web.Data\Data.csproj", "{5314055B-EA03-4E15-8653-83F011D7A00E}"
EndProject
Global
	GlobalSection(TeamFoundationVersionControl) = preSolution
		SccNumberOfProjects = 13
		SccEnterpriseProvider = {4CA58AB2-18FA-4F8D-95D4-32DDF27D184C}
		SccTeamFoundationServer = https://tfs.codeplex.com/tfs/tfs11
		SccLocalPath0 = .
		SccProjectUniqueName1 = Libraries\\Test\\openHistorian.Test\\openHistorian.Test.csproj
		SccProjectTopLevelParentUniqueName1 = openHistorian.sln
		SccProjectName1 = Libraries/Test/openHistorian.Test
		SccLocalPath1 = Libraries\\Test\\openHistorian.Test
		SccProjectUniqueName2 = Tools\\HistorianPlaybackUtility\\HistorianPlaybackUtility.csproj
		SccProjectTopLevelParentUniqueName2 = openHistorian.sln
		SccProjectName2 = Tools/HistorianPlaybackUtility
		SccLocalPath2 = Tools\\HistorianPlaybackUtility
		SccProjectUniqueName3 = Libraries\\Hadoop.Replication\\Hadoop.Replication.csproj
		SccProjectTopLevelParentUniqueName3 = openHistorian.sln
		SccProjectName3 = Libraries/Hadoop.Replication
		SccLocalPath3 = Libraries\\Hadoop.Replication
		SccProjectUniqueName4 = Tools\\HistorianViewer\\HistorianViewer.csproj
		SccProjectTopLevelParentUniqueName4 = openHistorian.sln
		SccProjectName4 = Tools/HistorianViewer
		SccLocalPath4 = Tools\\HistorianViewer
		SccProjectUniqueName5 = Applications\\openHistorian\\openHistorian\\openHistorian.csproj
		SccProjectTopLevelParentUniqueName5 = openHistorian.sln
		SccProjectName5 = Applications/openHistorian/openHistorian
		SccLocalPath5 = Applications\\openHistorian\\openHistorian
		SccProjectUniqueName6 = Applications\\openHistorian\\openHistorianConsole\\openHistorianConsole.csproj
		SccProjectTopLevelParentUniqueName6 = openHistorian.sln
		SccProjectName6 = Applications/openHistorian/openHistorianConsole
		SccLocalPath6 = Applications\\openHistorian\\openHistorianConsole
		SccProjectUniqueName7 = Libraries\\Adapters\\HistorianAdapters\\HistorianAdapters.csproj
		SccProjectTopLevelParentUniqueName7 = openHistorian.sln
		SccProjectName7 = Libraries/Adapters/HistorianAdapters
		SccLocalPath7 = Libraries\\Adapters\\HistorianAdapters
		SccProjectUniqueName8 = Libraries\\TimeSeriesArchiver\\TimeSeriesArchiver.csproj
		SccProjectTopLevelParentUniqueName8 = openHistorian.sln
		SccProjectName8 = Libraries/TimeSeriesArchiver
		SccLocalPath8 = Libraries\\TimeSeriesArchiver
		SccProjectUniqueName9 = Applications\\openHistorian\\openHistorianSetup\\openHistorianSetup.vdproj
		SccProjectTopLevelParentUniqueName9 = openHistorian.sln
		SccProjectName9 = Applications/openHistorian/openHistorianSetup
		SccLocalPath9 = Applications\\openHistorian\\openHistorianSetup
		SccProjectUniqueName10 = Applications\\openHistorian\\openHistorianSetup\\openHistorianSetup64.vdproj
		SccProjectTopLevelParentUniqueName10 = openHistorian.sln
		SccProjectName10 = Applications/openHistorian/openHistorianSetup
		SccLocalPath10 = Applications\\openHistorian\\openHistorianSetup
		SccProjectUniqueName11 = Applications\\openHistorian\\openHistorianManager\\WPF\\WPF.csproj
		SccProjectTopLevelParentUniqueName11 = openHistorian.sln
		SccProjectName11 = Applications/openHistorian/openHistorianManager/WPF
		SccLocalPath11 = Applications\\openHistorian\\openHistorianManager\\WPF
		SccProjectUniqueName12 = Applications\\openHistorian\\openHistorianManager\\Web.Data\\Data.csproj
		SccProjectTopLevelParentUniqueName12 = openHistorian.sln
		SccProjectName12 = Applications/openHistorian/openHistorianManager/Web.Data
		SccLocalPath12 = Applications\\openHistorian\\openHistorianManager\\Web.Data
	EndGlobalSection
	GlobalSection(TestCaseManagementSettings) = postSolution
		CategoryFile = Historian.vsmdi
	EndGlobalSection
	GlobalSection(SolutionConfigurationPlatforms) = preSolution
		Debug|Any CPU = Debug|Any CPU
		Debug|Mixed Platforms = Debug|Mixed Platforms
		Debug|x64 = Debug|x64
		Debug|x86 = Debug|x86
		Release|Any CPU = Release|Any CPU
		Release|Mixed Platforms = Release|Mixed Platforms
		Release|x64 = Release|x64
		Release|x86 = Release|x86
	EndGlobalSection
	GlobalSection(ProjectConfigurationPlatforms) = postSolution
		{D405B0BE-88EE-4224-AA8C-4A6817481C17}.Debug|Any CPU.ActiveCfg = Debug|Any CPU
		{D405B0BE-88EE-4224-AA8C-4A6817481C17}.Debug|Any CPU.Build.0 = Debug|Any CPU
		{D405B0BE-88EE-4224-AA8C-4A6817481C17}.Debug|Mixed Platforms.ActiveCfg = Debug|Any CPU
		{D405B0BE-88EE-4224-AA8C-4A6817481C17}.Debug|Mixed Platforms.Build.0 = Debug|Any CPU
		{D405B0BE-88EE-4224-AA8C-4A6817481C17}.Debug|x64.ActiveCfg = Debug|x86
		{D405B0BE-88EE-4224-AA8C-4A6817481C17}.Debug|x86.ActiveCfg = Debug|x86
		{D405B0BE-88EE-4224-AA8C-4A6817481C17}.Debug|x86.Build.0 = Debug|x86
		{D405B0BE-88EE-4224-AA8C-4A6817481C17}.Release|Any CPU.ActiveCfg = Release|Any CPU
		{D405B0BE-88EE-4224-AA8C-4A6817481C17}.Release|Any CPU.Build.0 = Release|Any CPU
		{D405B0BE-88EE-4224-AA8C-4A6817481C17}.Release|Mixed Platforms.ActiveCfg = Release|Any CPU
		{D405B0BE-88EE-4224-AA8C-4A6817481C17}.Release|Mixed Platforms.Build.0 = Release|Any CPU
		{D405B0BE-88EE-4224-AA8C-4A6817481C17}.Release|x64.ActiveCfg = Release|x86
		{D405B0BE-88EE-4224-AA8C-4A6817481C17}.Release|x86.ActiveCfg = Release|x86
		{D405B0BE-88EE-4224-AA8C-4A6817481C17}.Release|x86.Build.0 = Release|x86
		{07016E6A-01B1-4B3D-B1D6-F9131A1BEB6E}.Debug|Any CPU.ActiveCfg = Debug|Any CPU
		{07016E6A-01B1-4B3D-B1D6-F9131A1BEB6E}.Debug|Any CPU.Build.0 = Debug|Any CPU
		{07016E6A-01B1-4B3D-B1D6-F9131A1BEB6E}.Debug|Mixed Platforms.ActiveCfg = Debug|Any CPU
		{07016E6A-01B1-4B3D-B1D6-F9131A1BEB6E}.Debug|Mixed Platforms.Build.0 = Debug|Any CPU
		{07016E6A-01B1-4B3D-B1D6-F9131A1BEB6E}.Debug|x64.ActiveCfg = Debug|x86
		{07016E6A-01B1-4B3D-B1D6-F9131A1BEB6E}.Debug|x86.ActiveCfg = Debug|x86
		{07016E6A-01B1-4B3D-B1D6-F9131A1BEB6E}.Debug|x86.Build.0 = Debug|x86
		{07016E6A-01B1-4B3D-B1D6-F9131A1BEB6E}.Release|Any CPU.ActiveCfg = Release|Any CPU
		{07016E6A-01B1-4B3D-B1D6-F9131A1BEB6E}.Release|Any CPU.Build.0 = Release|Any CPU
		{07016E6A-01B1-4B3D-B1D6-F9131A1BEB6E}.Release|Mixed Platforms.ActiveCfg = Release|Any CPU
		{07016E6A-01B1-4B3D-B1D6-F9131A1BEB6E}.Release|Mixed Platforms.Build.0 = Release|Any CPU
		{07016E6A-01B1-4B3D-B1D6-F9131A1BEB6E}.Release|x64.ActiveCfg = Release|x86
		{07016E6A-01B1-4B3D-B1D6-F9131A1BEB6E}.Release|x86.ActiveCfg = Release|x86
		{07016E6A-01B1-4B3D-B1D6-F9131A1BEB6E}.Release|x86.Build.0 = Release|x86
		{B561487F-79CC-4982-848E-C12F44B4669C}.Debug|Any CPU.ActiveCfg = Debug|Any CPU
		{B561487F-79CC-4982-848E-C12F44B4669C}.Debug|Any CPU.Build.0 = Debug|Any CPU
		{B561487F-79CC-4982-848E-C12F44B4669C}.Debug|Mixed Platforms.ActiveCfg = Debug|Any CPU
		{B561487F-79CC-4982-848E-C12F44B4669C}.Debug|Mixed Platforms.Build.0 = Debug|Any CPU
		{B561487F-79CC-4982-848E-C12F44B4669C}.Debug|x64.ActiveCfg = Debug|x86
		{B561487F-79CC-4982-848E-C12F44B4669C}.Debug|x86.ActiveCfg = Debug|x86
		{B561487F-79CC-4982-848E-C12F44B4669C}.Debug|x86.Build.0 = Debug|x86
		{B561487F-79CC-4982-848E-C12F44B4669C}.Release|Any CPU.ActiveCfg = Release|Any CPU
		{B561487F-79CC-4982-848E-C12F44B4669C}.Release|Any CPU.Build.0 = Release|Any CPU
		{B561487F-79CC-4982-848E-C12F44B4669C}.Release|Mixed Platforms.ActiveCfg = Release|Any CPU
		{B561487F-79CC-4982-848E-C12F44B4669C}.Release|Mixed Platforms.Build.0 = Release|Any CPU
		{B561487F-79CC-4982-848E-C12F44B4669C}.Release|x64.ActiveCfg = Release|x86
		{B561487F-79CC-4982-848E-C12F44B4669C}.Release|x86.ActiveCfg = Release|x86
		{B561487F-79CC-4982-848E-C12F44B4669C}.Release|x86.Build.0 = Release|x86
		{2E9DA7CC-960A-40A6-BC90-1FBD7B7994F0}.Debug|Any CPU.ActiveCfg = Debug|Any CPU
		{2E9DA7CC-960A-40A6-BC90-1FBD7B7994F0}.Debug|Any CPU.Build.0 = Debug|Any CPU
		{2E9DA7CC-960A-40A6-BC90-1FBD7B7994F0}.Debug|Mixed Platforms.ActiveCfg = Debug|Any CPU
		{2E9DA7CC-960A-40A6-BC90-1FBD7B7994F0}.Debug|Mixed Platforms.Build.0 = Debug|Any CPU
		{2E9DA7CC-960A-40A6-BC90-1FBD7B7994F0}.Debug|x64.ActiveCfg = Debug|x86
		{2E9DA7CC-960A-40A6-BC90-1FBD7B7994F0}.Debug|x86.ActiveCfg = Debug|x86
		{2E9DA7CC-960A-40A6-BC90-1FBD7B7994F0}.Debug|x86.Build.0 = Debug|x86
		{2E9DA7CC-960A-40A6-BC90-1FBD7B7994F0}.Release|Any CPU.ActiveCfg = Release|Any CPU
		{2E9DA7CC-960A-40A6-BC90-1FBD7B7994F0}.Release|Any CPU.Build.0 = Release|Any CPU
		{2E9DA7CC-960A-40A6-BC90-1FBD7B7994F0}.Release|Mixed Platforms.ActiveCfg = Release|Any CPU
		{2E9DA7CC-960A-40A6-BC90-1FBD7B7994F0}.Release|Mixed Platforms.Build.0 = Release|Any CPU
		{2E9DA7CC-960A-40A6-BC90-1FBD7B7994F0}.Release|x64.ActiveCfg = Release|x86
		{2E9DA7CC-960A-40A6-BC90-1FBD7B7994F0}.Release|x86.ActiveCfg = Release|x86
		{2E9DA7CC-960A-40A6-BC90-1FBD7B7994F0}.Release|x86.Build.0 = Release|x86
		{1273B128-A999-495C-B1E6-289C412EC81F}.Debug|Any CPU.ActiveCfg = Debug|Any CPU
		{1273B128-A999-495C-B1E6-289C412EC81F}.Debug|Any CPU.Build.0 = Debug|Any CPU
		{1273B128-A999-495C-B1E6-289C412EC81F}.Debug|Mixed Platforms.ActiveCfg = Debug|Any CPU
		{1273B128-A999-495C-B1E6-289C412EC81F}.Debug|Mixed Platforms.Build.0 = Debug|Any CPU
		{1273B128-A999-495C-B1E6-289C412EC81F}.Debug|x64.ActiveCfg = Debug|x86
		{1273B128-A999-495C-B1E6-289C412EC81F}.Debug|x86.ActiveCfg = Debug|x86
		{1273B128-A999-495C-B1E6-289C412EC81F}.Debug|x86.Build.0 = Debug|x86
		{1273B128-A999-495C-B1E6-289C412EC81F}.Release|Any CPU.ActiveCfg = Release|Any CPU
		{1273B128-A999-495C-B1E6-289C412EC81F}.Release|Any CPU.Build.0 = Release|Any CPU
		{1273B128-A999-495C-B1E6-289C412EC81F}.Release|Mixed Platforms.ActiveCfg = Release|Any CPU
		{1273B128-A999-495C-B1E6-289C412EC81F}.Release|Mixed Platforms.Build.0 = Release|Any CPU
		{1273B128-A999-495C-B1E6-289C412EC81F}.Release|x64.ActiveCfg = Release|x86
		{1273B128-A999-495C-B1E6-289C412EC81F}.Release|x86.ActiveCfg = Release|x86
		{1273B128-A999-495C-B1E6-289C412EC81F}.Release|x86.Build.0 = Release|x86
		{ACF08973-90D7-4239-A7FF-D38223AE2DBA}.Debug|Any CPU.ActiveCfg = Debug|Any CPU
		{ACF08973-90D7-4239-A7FF-D38223AE2DBA}.Debug|Any CPU.Build.0 = Debug|Any CPU
		{ACF08973-90D7-4239-A7FF-D38223AE2DBA}.Debug|Mixed Platforms.ActiveCfg = Debug|Any CPU
		{ACF08973-90D7-4239-A7FF-D38223AE2DBA}.Debug|Mixed Platforms.Build.0 = Debug|Any CPU
		{ACF08973-90D7-4239-A7FF-D38223AE2DBA}.Debug|x64.ActiveCfg = Debug|x86
		{ACF08973-90D7-4239-A7FF-D38223AE2DBA}.Debug|x86.ActiveCfg = Debug|x86
		{ACF08973-90D7-4239-A7FF-D38223AE2DBA}.Debug|x86.Build.0 = Debug|x86
		{ACF08973-90D7-4239-A7FF-D38223AE2DBA}.Release|Any CPU.ActiveCfg = Release|Any CPU
		{ACF08973-90D7-4239-A7FF-D38223AE2DBA}.Release|Any CPU.Build.0 = Release|Any CPU
		{ACF08973-90D7-4239-A7FF-D38223AE2DBA}.Release|Mixed Platforms.ActiveCfg = Release|Any CPU
		{ACF08973-90D7-4239-A7FF-D38223AE2DBA}.Release|Mixed Platforms.Build.0 = Release|Any CPU
		{ACF08973-90D7-4239-A7FF-D38223AE2DBA}.Release|x64.ActiveCfg = Release|x86
		{ACF08973-90D7-4239-A7FF-D38223AE2DBA}.Release|x86.ActiveCfg = Release|x86
		{ACF08973-90D7-4239-A7FF-D38223AE2DBA}.Release|x86.Build.0 = Release|x86
		{8A1BCFAA-19E8-408A-8C72-170B1211DC27}.Debug|Any CPU.ActiveCfg = Debug|Any CPU
		{8A1BCFAA-19E8-408A-8C72-170B1211DC27}.Debug|Any CPU.Build.0 = Debug|Any CPU
		{8A1BCFAA-19E8-408A-8C72-170B1211DC27}.Debug|Mixed Platforms.ActiveCfg = Debug|Any CPU
		{8A1BCFAA-19E8-408A-8C72-170B1211DC27}.Debug|Mixed Platforms.Build.0 = Debug|Any CPU
		{8A1BCFAA-19E8-408A-8C72-170B1211DC27}.Debug|x64.ActiveCfg = Debug|x86
		{8A1BCFAA-19E8-408A-8C72-170B1211DC27}.Debug|x86.ActiveCfg = Debug|x86
		{8A1BCFAA-19E8-408A-8C72-170B1211DC27}.Debug|x86.Build.0 = Debug|x86
		{8A1BCFAA-19E8-408A-8C72-170B1211DC27}.Release|Any CPU.ActiveCfg = Release|Any CPU
		{8A1BCFAA-19E8-408A-8C72-170B1211DC27}.Release|Any CPU.Build.0 = Release|Any CPU
		{8A1BCFAA-19E8-408A-8C72-170B1211DC27}.Release|Mixed Platforms.ActiveCfg = Release|x86
		{8A1BCFAA-19E8-408A-8C72-170B1211DC27}.Release|Mixed Platforms.Build.0 = Release|x86
		{8A1BCFAA-19E8-408A-8C72-170B1211DC27}.Release|x64.ActiveCfg = Release|x86
		{8A1BCFAA-19E8-408A-8C72-170B1211DC27}.Release|x86.ActiveCfg = Release|x86
		{8A1BCFAA-19E8-408A-8C72-170B1211DC27}.Release|x86.Build.0 = Release|x86
		{7E1ABF87-8936-44E5-85C0-37044E0D3877}.Debug|Any CPU.ActiveCfg = Debug|Any CPU
		{7E1ABF87-8936-44E5-85C0-37044E0D3877}.Debug|Any CPU.Build.0 = Debug|Any CPU
		{7E1ABF87-8936-44E5-85C0-37044E0D3877}.Debug|Mixed Platforms.ActiveCfg = Debug|x86
		{7E1ABF87-8936-44E5-85C0-37044E0D3877}.Debug|Mixed Platforms.Build.0 = Debug|x86
		{7E1ABF87-8936-44E5-85C0-37044E0D3877}.Debug|x64.ActiveCfg = Debug|x86
		{7E1ABF87-8936-44E5-85C0-37044E0D3877}.Debug|x86.ActiveCfg = Debug|x86
		{7E1ABF87-8936-44E5-85C0-37044E0D3877}.Debug|x86.Build.0 = Debug|x86
		{7E1ABF87-8936-44E5-85C0-37044E0D3877}.Release|Any CPU.ActiveCfg = Release|Any CPU
		{7E1ABF87-8936-44E5-85C0-37044E0D3877}.Release|Any CPU.Build.0 = Release|Any CPU
		{7E1ABF87-8936-44E5-85C0-37044E0D3877}.Release|Mixed Platforms.ActiveCfg = Release|x86
		{7E1ABF87-8936-44E5-85C0-37044E0D3877}.Release|Mixed Platforms.Build.0 = Release|x86
		{7E1ABF87-8936-44E5-85C0-37044E0D3877}.Release|x64.ActiveCfg = Release|x86
		{7E1ABF87-8936-44E5-85C0-37044E0D3877}.Release|x86.ActiveCfg = Release|x86
		{7E1ABF87-8936-44E5-85C0-37044E0D3877}.Release|x86.Build.0 = Release|x86
		{9C383C2C-F2AB-42E3-9DAE-C16864A420A0}.Debug|Any CPU.ActiveCfg = Debug
		{9C383C2C-F2AB-42E3-9DAE-C16864A420A0}.Debug|Mixed Platforms.ActiveCfg = Debug
		{9C383C2C-F2AB-42E3-9DAE-C16864A420A0}.Debug|Mixed Platforms.Build.0 = Debug
		{9C383C2C-F2AB-42E3-9DAE-C16864A420A0}.Debug|x64.ActiveCfg = Debug
		{9C383C2C-F2AB-42E3-9DAE-C16864A420A0}.Debug|x64.Build.0 = Debug
		{9C383C2C-F2AB-42E3-9DAE-C16864A420A0}.Debug|x86.ActiveCfg = Debug
		{9C383C2C-F2AB-42E3-9DAE-C16864A420A0}.Release|Any CPU.ActiveCfg = Release
		{9C383C2C-F2AB-42E3-9DAE-C16864A420A0}.Release|Mixed Platforms.ActiveCfg = Release
		{9C383C2C-F2AB-42E3-9DAE-C16864A420A0}.Release|Mixed Platforms.Build.0 = Release
		{9C383C2C-F2AB-42E3-9DAE-C16864A420A0}.Release|x64.ActiveCfg = Release
		{9C383C2C-F2AB-42E3-9DAE-C16864A420A0}.Release|x64.Build.0 = Release
		{9C383C2C-F2AB-42E3-9DAE-C16864A420A0}.Release|x86.ActiveCfg = Release
		{F9426D66-C48E-44C1-8E66-1ADEEB8A784B}.Debug|Any CPU.ActiveCfg = Debug
		{F9426D66-C48E-44C1-8E66-1ADEEB8A784B}.Debug|Mixed Platforms.ActiveCfg = Debug
		{F9426D66-C48E-44C1-8E66-1ADEEB8A784B}.Debug|Mixed Platforms.Build.0 = Debug
		{F9426D66-C48E-44C1-8E66-1ADEEB8A784B}.Debug|x64.ActiveCfg = Debug
		{F9426D66-C48E-44C1-8E66-1ADEEB8A784B}.Debug|x64.Build.0 = Debug
		{F9426D66-C48E-44C1-8E66-1ADEEB8A784B}.Debug|x86.ActiveCfg = Debug
		{F9426D66-C48E-44C1-8E66-1ADEEB8A784B}.Release|Any CPU.ActiveCfg = Release
		{F9426D66-C48E-44C1-8E66-1ADEEB8A784B}.Release|Mixed Platforms.ActiveCfg = Release
		{F9426D66-C48E-44C1-8E66-1ADEEB8A784B}.Release|Mixed Platforms.Build.0 = Release
		{F9426D66-C48E-44C1-8E66-1ADEEB8A784B}.Release|x64.ActiveCfg = Release
		{F9426D66-C48E-44C1-8E66-1ADEEB8A784B}.Release|x64.Build.0 = Release
		{F9426D66-C48E-44C1-8E66-1ADEEB8A784B}.Release|x86.ActiveCfg = Release
		{3E13AF6E-AEB5-4934-AF50-01C8E2027725}.Debug|Any CPU.ActiveCfg = Debug|Any CPU
		{3E13AF6E-AEB5-4934-AF50-01C8E2027725}.Debug|Any CPU.Build.0 = Debug|Any CPU
		{3E13AF6E-AEB5-4934-AF50-01C8E2027725}.Debug|Mixed Platforms.ActiveCfg = Debug|x64
		{3E13AF6E-AEB5-4934-AF50-01C8E2027725}.Debug|Mixed Platforms.Build.0 = Debug|x64
		{3E13AF6E-AEB5-4934-AF50-01C8E2027725}.Debug|x64.ActiveCfg = Debug|x64
		{3E13AF6E-AEB5-4934-AF50-01C8E2027725}.Debug|x64.Build.0 = Debug|x64
		{3E13AF6E-AEB5-4934-AF50-01C8E2027725}.Debug|x86.ActiveCfg = Debug|x86
		{3E13AF6E-AEB5-4934-AF50-01C8E2027725}.Debug|x86.Build.0 = Debug|x86
		{3E13AF6E-AEB5-4934-AF50-01C8E2027725}.Release|Any CPU.ActiveCfg = Release|Any CPU
		{3E13AF6E-AEB5-4934-AF50-01C8E2027725}.Release|Any CPU.Build.0 = Release|Any CPU
		{3E13AF6E-AEB5-4934-AF50-01C8E2027725}.Release|Mixed Platforms.ActiveCfg = Release|x64
		{3E13AF6E-AEB5-4934-AF50-01C8E2027725}.Release|Mixed Platforms.Build.0 = Release|x64
		{3E13AF6E-AEB5-4934-AF50-01C8E2027725}.Release|x64.ActiveCfg = Release|x64
		{3E13AF6E-AEB5-4934-AF50-01C8E2027725}.Release|x64.Build.0 = Release|x64
		{3E13AF6E-AEB5-4934-AF50-01C8E2027725}.Release|x86.ActiveCfg = Release|x86
		{3E13AF6E-AEB5-4934-AF50-01C8E2027725}.Release|x86.Build.0 = Release|x86
		{5314055B-EA03-4E15-8653-83F011D7A00E}.Debug|Any CPU.ActiveCfg = Debug|Any CPU
		{5314055B-EA03-4E15-8653-83F011D7A00E}.Debug|Any CPU.Build.0 = Debug|Any CPU
		{5314055B-EA03-4E15-8653-83F011D7A00E}.Debug|Mixed Platforms.ActiveCfg = Debug|x64
		{5314055B-EA03-4E15-8653-83F011D7A00E}.Debug|Mixed Platforms.Build.0 = Debug|x64
		{5314055B-EA03-4E15-8653-83F011D7A00E}.Debug|x64.ActiveCfg = Debug|x64
		{5314055B-EA03-4E15-8653-83F011D7A00E}.Debug|x64.Build.0 = Debug|x64
		{5314055B-EA03-4E15-8653-83F011D7A00E}.Debug|x86.ActiveCfg = Debug|x86
		{5314055B-EA03-4E15-8653-83F011D7A00E}.Debug|x86.Build.0 = Debug|x86
		{5314055B-EA03-4E15-8653-83F011D7A00E}.Release|Any CPU.ActiveCfg = Release|Any CPU
		{5314055B-EA03-4E15-8653-83F011D7A00E}.Release|Any CPU.Build.0 = Release|Any CPU
		{5314055B-EA03-4E15-8653-83F011D7A00E}.Release|Mixed Platforms.ActiveCfg = Release|x64
		{5314055B-EA03-4E15-8653-83F011D7A00E}.Release|Mixed Platforms.Build.0 = Release|x64
		{5314055B-EA03-4E15-8653-83F011D7A00E}.Release|x64.ActiveCfg = Release|x64
		{5314055B-EA03-4E15-8653-83F011D7A00E}.Release|x64.Build.0 = Release|x64
		{5314055B-EA03-4E15-8653-83F011D7A00E}.Release|x86.ActiveCfg = Release|x86
		{5314055B-EA03-4E15-8653-83F011D7A00E}.Release|x86.Build.0 = Release|x86
	EndGlobalSection
	GlobalSection(SolutionProperties) = preSolution
		HideSolutionNode = FALSE
	EndGlobalSection
	GlobalSection(NestedProjects) = preSolution
		{B561487F-79CC-4982-848E-C12F44B4669C} = {20CF9816-9699-464B-AD26-397CD4E6D96E}
		{EA3B8DD4-F77A-409D-BE8E-1391EA5B0BE4} = {20CF9816-9699-464B-AD26-397CD4E6D96E}
		{70E52456-2B5B-44F4-AC28-33E391D83619} = {20CF9816-9699-464B-AD26-397CD4E6D96E}
		{7E1ABF87-8936-44E5-85C0-37044E0D3877} = {20CF9816-9699-464B-AD26-397CD4E6D96E}
		{07016E6A-01B1-4B3D-B1D6-F9131A1BEB6E} = {4A8304B6-A0C7-480E-9C2F-CCC4DC922647}
		{2E9DA7CC-960A-40A6-BC90-1FBD7B7994F0} = {4A8304B6-A0C7-480E-9C2F-CCC4DC922647}
		{71C2DE69-7746-4269-B26B-E0EBEEABACD6} = {F110645C-E972-4CC2-8A01-B16B3EBE20AF}
		{AA4A892B-4DD8-4E81-8C29-F970F5B916D6} = {F110645C-E972-4CC2-8A01-B16B3EBE20AF}
		{E7897B57-AE67-4ABC-B35A-47C5074EF95B} = {94822134-56F8-4F3F-9BCD-2656324C37AD}
		{CDCA5604-FEC5-4392-84E9-787D56779CA9} = {94822134-56F8-4F3F-9BCD-2656324C37AD}
		{FB7F9A7A-FB8A-4600-B363-4B395C7E61A2} = {94822134-56F8-4F3F-9BCD-2656324C37AD}
		{D405B0BE-88EE-4224-AA8C-4A6817481C17} = {EA3B8DD4-F77A-409D-BE8E-1391EA5B0BE4}
		{2A5F37B2-CCD9-4DD1-BF6D-FD21EA31EF12} = {2B101F99-1530-4DE9-9FA1-C301F998EFD7}
		{CF7CFE82-C66D-4692-A2A3-D38902884CDC} = {2B101F99-1530-4DE9-9FA1-C301F998EFD7}
		{4348B8B5-3CD0-4A30-A5C6-EED726B01F79} = {2B101F99-1530-4DE9-9FA1-C301F998EFD7}
		{1273B128-A999-495C-B1E6-289C412EC81F} = {71C2DE69-7746-4269-B26B-E0EBEEABACD6}
		{ACF08973-90D7-4239-A7FF-D38223AE2DBA} = {71C2DE69-7746-4269-B26B-E0EBEEABACD6}
		{9C383C2C-F2AB-42E3-9DAE-C16864A420A0} = {71C2DE69-7746-4269-B26B-E0EBEEABACD6}
		{F9426D66-C48E-44C1-8E66-1ADEEB8A784B} = {71C2DE69-7746-4269-B26B-E0EBEEABACD6}
		{1E911922-7464-43AF-A550-C0B9BFB62D17} = {FB7F9A7A-FB8A-4600-B363-4B395C7E61A2}
		{8A1BCFAA-19E8-408A-8C72-170B1211DC27} = {70E52456-2B5B-44F4-AC28-33E391D83619}
		{3E13AF6E-AEB5-4934-AF50-01C8E2027725} = {AA4A892B-4DD8-4E81-8C29-F970F5B916D6}
		{5314055B-EA03-4E15-8653-83F011D7A00E} = {AA4A892B-4DD8-4E81-8C29-F970F5B916D6}
	EndGlobalSection
EndGlobal
