
Microsoft Visual Studio Solution File, Format Version 12.00
# Visual Studio 15
VisualStudioVersion = 15.0.26430.16
MinimumVisualStudioVersion = 10.0.40219.1
Project("{9092AA53-FB77-4645-B42D-1CCCA6BD08BD}") = "openHistorian-grafana", "openHistorian-grafana.njsproj", "{20A8EDC6-2D61-4B3F-AE70-03BF6F29E0F4}"
EndProject
Global
	GlobalSection(SolutionConfigurationPlatforms) = preSolution
		Debug|Any CPU = Debug|Any CPU
		Release|Any CPU = Release|Any CPU
	EndGlobalSection
	GlobalSection(ProjectConfigurationPlatforms) = postSolution
		{20A8EDC6-2D61-4B3F-AE70-03BF6F29E0F4}.Debug|Any CPU.ActiveCfg = Debug|Any CPU
		{20A8EDC6-2D61-4B3F-AE70-03BF6F29E0F4}.Debug|Any CPU.Build.0 = Debug|Any CPU
		{20A8EDC6-2D61-4B3F-AE70-03BF6F29E0F4}.Release|Any CPU.ActiveCfg = Release|Any CPU
		{20A8EDC6-2D61-4B3F-AE70-03BF6F29E0F4}.Release|Any CPU.Build.0 = Release|Any CPU
	EndGlobalSection
	GlobalSection(SolutionProperties) = preSolution
		HideSolutionNode = FALSE
	EndGlobalSection
EndGlobal
